
Microsoft Visual Studio Solution File, Format Version 12.00
# Visual Studio Version 17
VisualStudioVersion = 17.11.35222.181
MinimumVisualStudioVersion = 10.0.40219.1
Project("{FAE04EC0-301F-11D3-BF4B-00C04F79EFBC}") = "SpriteSheetAnimationDemo", "SpriteSheetAnimationDemo.csproj", "{EC5AAFA0-4BC0-4B26-996B-50AF08755495}"
EndProject
Global
	GlobalSection(SolutionConfigurationPlatforms) = preSolution
		Debug|Any CPU = Debug|Any CPU
		Release|Any CPU = Release|Any CPU
	EndGlobalSection
	GlobalSection(ProjectConfigurationPlatforms) = postSolution
		{EC5AAFA0-4BC0-4B26-996B-50AF08755495}.Debug|Any CPU.ActiveCfg = Debug|Any CPU
		{EC5AAFA0-4BC0-4B26-996B-50AF08755495}.Debug|Any CPU.Build.0 = Debug|Any CPU
		{EC5AAFA0-4BC0-4B26-996B-50AF08755495}.Release|Any CPU.ActiveCfg = Release|Any CPU
		{EC5AAFA0-4BC0-4B26-996B-50AF08755495}.Release|Any CPU.Build.0 = Release|Any CPU
	EndGlobalSection
	GlobalSection(SolutionProperties) = preSolution
		HideSolutionNode = FALSE
	EndGlobalSection
	GlobalSection(ExtensibilityGlobals) = postSolution
		SolutionGuid = {F0EA0AF5-8ADF-4494-A617-803DB08C0AAA}
	EndGlobalSection
EndGlobal
