
Microsoft Visual Studio Solution File, Format Version 12.00
# Visual Studio Version 17
VisualStudioVersion = 17.3.32819.101
MinimumVisualStudioVersion = 10.0.40219.1
Project("{9A19103F-16F7-4668-BE54-9A1E7A4F7556}") = "DynamicTree_COMPLETE", "DynamicTree_COMPLETE.csproj", "{F86C39E6-E6DC-4038-94D2-72E73B5AC45D}"
EndProject
Global
	GlobalSection(SolutionConfigurationPlatforms) = preSolution
		Debug|Any CPU = Debug|Any CPU
		Release|Any CPU = Release|Any CPU
	EndGlobalSection
	GlobalSection(ProjectConfigurationPlatforms) = postSolution
		{F86C39E6-E6DC-4038-94D2-72E73B5AC45D}.Debug|Any CPU.ActiveCfg = Debug|Any CPU
		{F86C39E6-E6DC-4038-94D2-72E73B5AC45D}.Debug|Any CPU.Build.0 = Debug|Any CPU
		{F86C39E6-E6DC-4038-94D2-72E73B5AC45D}.Release|Any CPU.ActiveCfg = Release|Any CPU
		{F86C39E6-E6DC-4038-94D2-72E73B5AC45D}.Release|Any CPU.Build.0 = Release|Any CPU
	EndGlobalSection
	GlobalSection(SolutionProperties) = preSolution
		HideSolutionNode = FALSE
	EndGlobalSection
	GlobalSection(ExtensibilityGlobals) = postSolution
		SolutionGuid = {B4F752AE-913C-4FCF-A776-DAA67EC792DF}
	EndGlobalSection
EndGlobal
