
Microsoft Visual Studio Solution File, Format Version 12.00
# Visual Studio Version 17
VisualStudioVersion = 17.11.35222.181
MinimumVisualStudioVersion = 10.0.40219.1
Project("{FAE04EC0-301F-11D3-BF4B-00C04F79EFBC}") = "BinaryFileDemo", "BinaryFileDemo.csproj", "{DF1186F0-B896-433D-9882-416CC4E2B694}"
EndProject
Global
	GlobalSection(SolutionConfigurationPlatforms) = preSolution
		Debug|Any CPU = Debug|Any CPU
		Release|Any CPU = Release|Any CPU
	EndGlobalSection
	GlobalSection(ProjectConfigurationPlatforms) = postSolution
		{DF1186F0-B896-433D-9882-416CC4E2B694}.Debug|Any CPU.ActiveCfg = Debug|Any CPU
		{DF1186F0-B896-433D-9882-416CC4E2B694}.Debug|Any CPU.Build.0 = Debug|Any CPU
		{DF1186F0-B896-433D-9882-416CC4E2B694}.Release|Any CPU.ActiveCfg = Release|Any CPU
		{DF1186F0-B896-433D-9882-416CC4E2B694}.Release|Any CPU.Build.0 = Release|Any CPU
	EndGlobalSection
	GlobalSection(SolutionProperties) = preSolution
		HideSolutionNode = FALSE
	EndGlobalSection
	GlobalSection(ExtensibilityGlobals) = postSolution
		SolutionGuid = {5DF019AE-10D7-431B-AA93-4CD40F5D60C8}
	EndGlobalSection
EndGlobal
