
Microsoft Visual Studio Solution File, Format Version 12.00
# Visual Studio Version 17
VisualStudioVersion = 17.11.35222.181
MinimumVisualStudioVersion = 10.0.40219.1
Project("{FAE04EC0-301F-11D3-BF4B-00C04F79EFBC}") = "SingleKeyPressDemo", "SingleKeyPressDemo.csproj", "{CCC463A5-2DCF-464F-A3C4-C2BA830F8679}"
EndProject
Global
	GlobalSection(SolutionConfigurationPlatforms) = preSolution
		Debug|Any CPU = Debug|Any CPU
		Release|Any CPU = Release|Any CPU
	EndGlobalSection
	GlobalSection(ProjectConfigurationPlatforms) = postSolution
		{CCC463A5-2DCF-464F-A3C4-C2BA830F8679}.Debug|Any CPU.ActiveCfg = Debug|Any CPU
		{CCC463A5-2DCF-464F-A3C4-C2BA830F8679}.Debug|Any CPU.Build.0 = Debug|Any CPU
		{CCC463A5-2DCF-464F-A3C4-C2BA830F8679}.Release|Any CPU.ActiveCfg = Release|Any CPU
		{CCC463A5-2DCF-464F-A3C4-C2BA830F8679}.Release|Any CPU.Build.0 = Release|Any CPU
	EndGlobalSection
	GlobalSection(SolutionProperties) = preSolution
		HideSolutionNode = FALSE
	EndGlobalSection
	GlobalSection(ExtensibilityGlobals) = postSolution
		SolutionGuid = {958341CD-C0F7-4C79-A84E-E52137677583}
	EndGlobalSection
EndGlobal
